
Microsoft Visual Studio Solution File, Format Version 12.00
# Visual Studio Version 17
VisualStudioVersion = 17.12.35527.113 d17.12
MinimumVisualStudioVersion = 10.0.40219.1
Project("{FAE04EC0-301F-11D3-BF4B-00C04F79EFBC}") = "CDWSCollinearity", "CDWSCollinearity\CDWSCollinearity.csproj", "{FDCF8ABA-466B-438A-8AA3-AEB258390BEC}"
EndProject
Project("{FAE04EC0-301F-11D3-BF4B-00C04F79EFBC}") = "CDWSCollinearityTests", "CDWSCollinearityTests\CDWSCollinearityTests.csproj", "{08E8A5BB-C1A5-466B-A127-DC43FFF466E7}"
EndProject
Global
	GlobalSection(SolutionConfigurationPlatforms) = preSolution
		Debug|Any CPU = Debug|Any CPU
		Release|Any CPU = Release|Any CPU
	EndGlobalSection
	GlobalSection(ProjectConfigurationPlatforms) = postSolution
		{FDCF8ABA-466B-438A-8AA3-AEB258390BEC}.Debug|Any CPU.ActiveCfg = Debug|Any CPU
		{FDCF8ABA-466B-438A-8AA3-AEB258390BEC}.Debug|Any CPU.Build.0 = Debug|Any CPU
		{FDCF8ABA-466B-438A-8AA3-AEB258390BEC}.Release|Any CPU.ActiveCfg = Release|Any CPU
		{FDCF8ABA-466B-438A-8AA3-AEB258390BEC}.Release|Any CPU.Build.0 = Release|Any CPU
		{08E8A5BB-C1A5-466B-A127-DC43FFF466E7}.Debug|Any CPU.ActiveCfg = Debug|Any CPU
		{08E8A5BB-C1A5-466B-A127-DC43FFF466E7}.Debug|Any CPU.Build.0 = Debug|Any CPU
		{08E8A5BB-C1A5-466B-A127-DC43FFF466E7}.Release|Any CPU.ActiveCfg = Release|Any CPU
		{08E8A5BB-C1A5-466B-A127-DC43FFF466E7}.Release|Any CPU.Build.0 = Release|Any CPU
	EndGlobalSection
	GlobalSection(SolutionProperties) = preSolution
		HideSolutionNode = FALSE
	EndGlobalSection
EndGlobal
