
Microsoft Visual Studio Solution File, Format Version 12.00
# Visual Studio Version 17
VisualStudioVersion = 17.12.35527.113 d17.12
MinimumVisualStudioVersion = 10.0.40219.1
Project("{FAE04EC0-301F-11D3-BF4B-00C04F79EFBC}") = "LCIntegerToRoman", "LCIntegerToRoman\LCIntegerToRoman.csproj", "{8209833D-78C4-460D-82DD-C8DE04D1EDB3}"
EndProject
Project("{FAE04EC0-301F-11D3-BF4B-00C04F79EFBC}") = "LCIntegerToRomanTests", "LCIntegerToRomanTests\LCIntegerToRomanTests.csproj", "{18E09A48-EFDF-4A36-B3FB-0E87DBB18CFE}"
EndProject
Global
	GlobalSection(SolutionConfigurationPlatforms) = preSolution
		Debug|Any CPU = Debug|Any CPU
		Release|Any CPU = Release|Any CPU
	EndGlobalSection
	GlobalSection(ProjectConfigurationPlatforms) = postSolution
		{8209833D-78C4-460D-82DD-C8DE04D1EDB3}.Debug|Any CPU.ActiveCfg = Debug|Any CPU
		{8209833D-78C4-460D-82DD-C8DE04D1EDB3}.Debug|Any CPU.Build.0 = Debug|Any CPU
		{8209833D-78C4-460D-82DD-C8DE04D1EDB3}.Release|Any CPU.ActiveCfg = Release|Any CPU
		{8209833D-78C4-460D-82DD-C8DE04D1EDB3}.Release|Any CPU.Build.0 = Release|Any CPU
		{18E09A48-EFDF-4A36-B3FB-0E87DBB18CFE}.Debug|Any CPU.ActiveCfg = Debug|Any CPU
		{18E09A48-EFDF-4A36-B3FB-0E87DBB18CFE}.Debug|Any CPU.Build.0 = Debug|Any CPU
		{18E09A48-EFDF-4A36-B3FB-0E87DBB18CFE}.Release|Any CPU.ActiveCfg = Release|Any CPU
		{18E09A48-EFDF-4A36-B3FB-0E87DBB18CFE}.Release|Any CPU.Build.0 = Release|Any CPU
	EndGlobalSection
	GlobalSection(SolutionProperties) = preSolution
		HideSolutionNode = FALSE
	EndGlobalSection
EndGlobal
