
Microsoft Visual Studio Solution File, Format Version 12.00
# Visual Studio Version 17
VisualStudioVersion = 17.12.35527.113 d17.12
MinimumVisualStudioVersion = 10.0.40219.1
Project("{FAE04EC0-301F-11D3-BF4B-00C04F79EFBC}") = "LCThreeSum", "LCThreeSum\LCThreeSum.csproj", "{15951457-AB75-4976-9CCE-A5F85FA8C89C}"
EndProject
Project("{FAE04EC0-301F-11D3-BF4B-00C04F79EFBC}") = "LCThreeSumTests", "LCThreeSumTests\LCThreeSumTests.csproj", "{1035D09F-064C-4B2F-8577-0C8883BA28DD}"
EndProject
Global
	GlobalSection(SolutionConfigurationPlatforms) = preSolution
		Debug|Any CPU = Debug|Any CPU
		Release|Any CPU = Release|Any CPU
	EndGlobalSection
	GlobalSection(ProjectConfigurationPlatforms) = postSolution
		{15951457-AB75-4976-9CCE-A5F85FA8C89C}.Debug|Any CPU.ActiveCfg = Debug|Any CPU
		{15951457-AB75-4976-9CCE-A5F85FA8C89C}.Debug|Any CPU.Build.0 = Debug|Any CPU
		{15951457-AB75-4976-9CCE-A5F85FA8C89C}.Release|Any CPU.ActiveCfg = Release|Any CPU
		{15951457-AB75-4976-9CCE-A5F85FA8C89C}.Release|Any CPU.Build.0 = Release|Any CPU
		{1035D09F-064C-4B2F-8577-0C8883BA28DD}.Debug|Any CPU.ActiveCfg = Debug|Any CPU
		{1035D09F-064C-4B2F-8577-0C8883BA28DD}.Debug|Any CPU.Build.0 = Debug|Any CPU
		{1035D09F-064C-4B2F-8577-0C8883BA28DD}.Release|Any CPU.ActiveCfg = Release|Any CPU
		{1035D09F-064C-4B2F-8577-0C8883BA28DD}.Release|Any CPU.Build.0 = Release|Any CPU
	EndGlobalSection
	GlobalSection(SolutionProperties) = preSolution
		HideSolutionNode = FALSE
	EndGlobalSection
EndGlobal
