
Microsoft Visual Studio Solution File, Format Version 12.00
# Visual Studio Version 17
VisualStudioVersion = 17.12.35527.113 d17.12
MinimumVisualStudioVersion = 10.0.40219.1
Project("{FAE04EC0-301F-11D3-BF4B-00C04F79EFBC}") = "LCContainerWithMostWater", "LCContainerWithMostWater\LCContainerWithMostWater.csproj", "{CD23C26C-B47B-4098-BF0D-55A2473C6495}"
EndProject
Project("{FAE04EC0-301F-11D3-BF4B-00C04F79EFBC}") = "LCContainerWithMostWaterTests", "LCContainerWithMostWaterTests\LCContainerWithMostWaterTests.csproj", "{3CB7A0E4-E031-4498-BC67-50FB1D332A38}"
EndProject
Global
	GlobalSection(SolutionConfigurationPlatforms) = preSolution
		Debug|Any CPU = Debug|Any CPU
		Release|Any CPU = Release|Any CPU
	EndGlobalSection
	GlobalSection(ProjectConfigurationPlatforms) = postSolution
		{CD23C26C-B47B-4098-BF0D-55A2473C6495}.Debug|Any CPU.ActiveCfg = Debug|Any CPU
		{CD23C26C-B47B-4098-BF0D-55A2473C6495}.Debug|Any CPU.Build.0 = Debug|Any CPU
		{CD23C26C-B47B-4098-BF0D-55A2473C6495}.Release|Any CPU.ActiveCfg = Release|Any CPU
		{CD23C26C-B47B-4098-BF0D-55A2473C6495}.Release|Any CPU.Build.0 = Release|Any CPU
		{3CB7A0E4-E031-4498-BC67-50FB1D332A38}.Debug|Any CPU.ActiveCfg = Debug|Any CPU
		{3CB7A0E4-E031-4498-BC67-50FB1D332A38}.Debug|Any CPU.Build.0 = Debug|Any CPU
		{3CB7A0E4-E031-4498-BC67-50FB1D332A38}.Release|Any CPU.ActiveCfg = Release|Any CPU
		{3CB7A0E4-E031-4498-BC67-50FB1D332A38}.Release|Any CPU.Build.0 = Release|Any CPU
	EndGlobalSection
	GlobalSection(SolutionProperties) = preSolution
		HideSolutionNode = FALSE
	EndGlobalSection
EndGlobal
