
Microsoft Visual Studio Solution File, Format Version 12.00
# Visual Studio Version 17
VisualStudioVersion = 17.12.35527.113 d17.12
MinimumVisualStudioVersion = 10.0.40219.1
Project("{FAE04EC0-301F-11D3-BF4B-00C04F79EFBC}") = "LCPalindromeNumber", "LCPalindromeNumber\LCPalindromeNumber.csproj", "{002227F9-826D-4E02-A3F9-6095039C5517}"
EndProject
Project("{FAE04EC0-301F-11D3-BF4B-00C04F79EFBC}") = "LCPalindromeNumberTests", "LCPalindromeNumberTests\LCPalindromeNumberTests.csproj", "{B53ECBC6-98F7-4F3B-92FC-7149204633AA}"
EndProject
Global
	GlobalSection(SolutionConfigurationPlatforms) = preSolution
		Debug|Any CPU = Debug|Any CPU
		Release|Any CPU = Release|Any CPU
	EndGlobalSection
	GlobalSection(ProjectConfigurationPlatforms) = postSolution
		{002227F9-826D-4E02-A3F9-6095039C5517}.Debug|Any CPU.ActiveCfg = Debug|Any CPU
		{002227F9-826D-4E02-A3F9-6095039C5517}.Debug|Any CPU.Build.0 = Debug|Any CPU
		{002227F9-826D-4E02-A3F9-6095039C5517}.Release|Any CPU.ActiveCfg = Release|Any CPU
		{002227F9-826D-4E02-A3F9-6095039C5517}.Release|Any CPU.Build.0 = Release|Any CPU
		{B53ECBC6-98F7-4F3B-92FC-7149204633AA}.Debug|Any CPU.ActiveCfg = Debug|Any CPU
		{B53ECBC6-98F7-4F3B-92FC-7149204633AA}.Debug|Any CPU.Build.0 = Debug|Any CPU
		{B53ECBC6-98F7-4F3B-92FC-7149204633AA}.Release|Any CPU.ActiveCfg = Release|Any CPU
		{B53ECBC6-98F7-4F3B-92FC-7149204633AA}.Release|Any CPU.Build.0 = Release|Any CPU
	EndGlobalSection
	GlobalSection(SolutionProperties) = preSolution
		HideSolutionNode = FALSE
	EndGlobalSection
EndGlobal
