
Microsoft Visual Studio Solution File, Format Version 12.00
# Visual Studio Version 17
VisualStudioVersion = 17.12.35527.113 d17.12
MinimumVisualStudioVersion = 10.0.40219.1
Project("{FAE04EC0-301F-11D3-BF4B-00C04F79EFBC}") = "CDWSMultiplicativePersistence", "CDWSMultiplicativePersistence\CDWSMultiplicativePersistence.csproj", "{A8E24BEF-40BE-4ED1-B794-97897AA2B7AD}"
EndProject
Project("{FAE04EC0-301F-11D3-BF4B-00C04F79EFBC}") = "CDWSMultiplicativePersistenceTests", "CDWSMultiplicativePersistenceTests\CDWSMultiplicativePersistenceTests.csproj", "{4ACBC576-4FE4-42B2-BAF6-E70FC69DE822}"
EndProject
Global
	GlobalSection(SolutionConfigurationPlatforms) = preSolution
		Debug|Any CPU = Debug|Any CPU
		Release|Any CPU = Release|Any CPU
	EndGlobalSection
	GlobalSection(ProjectConfigurationPlatforms) = postSolution
		{A8E24BEF-40BE-4ED1-B794-97897AA2B7AD}.Debug|Any CPU.ActiveCfg = Debug|Any CPU
		{A8E24BEF-40BE-4ED1-B794-97897AA2B7AD}.Debug|Any CPU.Build.0 = Debug|Any CPU
		{A8E24BEF-40BE-4ED1-B794-97897AA2B7AD}.Release|Any CPU.ActiveCfg = Release|Any CPU
		{A8E24BEF-40BE-4ED1-B794-97897AA2B7AD}.Release|Any CPU.Build.0 = Release|Any CPU
		{4ACBC576-4FE4-42B2-BAF6-E70FC69DE822}.Debug|Any CPU.ActiveCfg = Debug|Any CPU
		{4ACBC576-4FE4-42B2-BAF6-E70FC69DE822}.Debug|Any CPU.Build.0 = Debug|Any CPU
		{4ACBC576-4FE4-42B2-BAF6-E70FC69DE822}.Release|Any CPU.ActiveCfg = Release|Any CPU
		{4ACBC576-4FE4-42B2-BAF6-E70FC69DE822}.Release|Any CPU.Build.0 = Release|Any CPU
	EndGlobalSection
	GlobalSection(SolutionProperties) = preSolution
		HideSolutionNode = FALSE
	EndGlobalSection
EndGlobal
